<?xml version="1.0" encoding="utf-8"?>
<Project ToolsVersion="4.0" xmlns="http://schemas.microsoft.com/developer/msbuild/2003">
  <ItemGroup>
    <Filter Include="Source">
      <UniqueIdentifier>{6c0ad1f4-deb4-4ffd-b880-0cc1ec28400a}</UniqueIdentifier>
    </Filter>
    <Filter Include="Assets">
      <UniqueIdentifier>{886c59b5-52a7-4a81-8ac4-31d7ec3f1d62}</UniqueIdentifier>
    </Filter>
    <Filter Include="Source\Level">
      <UniqueIdentifier>{728eedf0-7bc3-4976-b34e-a9956c6ba43d}</UniqueIdentifier>
    </Filter>
  </ItemGroup>
  <ItemGroup>
    <ClCompile Include="Source\Application.cpp">
      <Filter>Source</Filter>
    </ClCompile>
    <ClCompile Include="Source\Game.cpp">
      <Filter>Source</Filter>
    </ClCompile>
    <ClCompile Include="Source\Main.cpp">
      <Filter>Source</Filter>
    </ClCompile>
    <ClCompile Include="Source\GameConfig.cpp">
      <Filter>Source</Filter>
    </ClCompile>
    <ClCompile Include="Source\TextureManager.cpp">
      <Filter>Source</Filter>
    </ClCompile>
    <ClCompile Include="Source\ShaderManager.cpp">
      <Filter>Source</Filter>
    </ClCompile>
    <ClCompile Include="Source\GameCursor.cpp">
      <Filter>Source</Filter>
    </ClCompile>
    <ClCompile Include="Source\Level.cpp">
      <Filter>Source</Filter>
    </ClCompile>
  </ItemGroup>
  <ItemGroup>
    <ClInclude Include="Source\Application.h">
      <Filter>Source</Filter>
    </ClInclude>
    <ClInclude Include="Source\DriverManager.h">
      <Filter>Source</Filter>
    </ClInclude>
    <ClInclude Include="Source\Game.h">
      <Filter>Source</Filter>
    </ClInclude>
    <ClInclude Include="Source\GameResult.h">
      <Filter>Source</Filter>
    </ClInclude>
    <ClInclude Include="Source\GameConfig.h">
      <Filter>Source</Filter>
    </ClInclude>
    <ClInclude Include="Source\TextureManager.h">
      <Filter>Source</Filter>
    </ClInclude>
    <ClInclude Include="Source\GameCursor.h">
      <Filter>Source</Filter>
    </ClInclude>
    <ClInclude Include="Source\ShaderManager.h">
      <Filter>Source</Filter>
    </ClInclude>
    <ClInclude Include="Source\Level.h">
      <Filter>Source</Filter>
    </ClInclude>
    <ClInclude Include="Source\LevelMesh.h">
      <Filter>Source\Level</Filter>
    </ClInclude>
  </ItemGroup>
  <ItemGroup>
    <Image Include="Assets\pointer.png">
      <Filter>Assets</Filter>
    </Image>
    <Image Include="Assets\Invalid.png">
      <Filter>Assets</Filter>
    </Image>
    <Image Include="Assets\circle.png">
      <Filter>Assets</Filter>
    </Image>
    <Image Include="Assets\cross.png">
      <Filter>Assets</Filter>
    </Image>
    <Image Include="Assets\frame.png">
      <Filter>Assets</Filter>
    </Image>
  </ItemGroup>
  <ItemGroup>
    <None Include="Assets\BasicShader.cg">
      <Filter>Assets</Filter>
    </None>
    <None Include="Assets\GridShader.cg">
      <Filter>Assets</Filter>
    </None>
  </ItemGroup>
</Project>