<?xml version="1.0" encoding="utf-8"?>
<Project ToolsVersion="4.0" xmlns="http://schemas.microsoft.com/developer/msbuild/2003">
  <ItemGroup>
    <Filter Include="Source">
      <UniqueIdentifier>{6c0ad1f4-deb4-4ffd-b880-0cc1ec28400a}</UniqueIdentifier>
    </Filter>
    <Filter Include="Assets">
      <UniqueIdentifier>{886c59b5-52a7-4a81-8ac4-31d7ec3f1d62}</UniqueIdentifier>
    </Filter>
  </ItemGroup>
  <ItemGroup>
    <ClCompile Include="Source\Application.cpp">
      <Filter>Source</Filter>
    </ClCompile>
    <ClCompile Include="Source\Game.cpp">
      <Filter>Source</Filter>
    </ClCompile>
    <ClCompile Include="Source\Main.cpp">
      <Filter>Source</Filter>
    </ClCompile>
    <ClCompile Include="Source\GameConfig.cpp">
      <Filter>Source</Filter>
    </ClCompile>
    <ClCompile Include="Source\TextureManager.cpp">
      <Filter>Source</Filter>
    </ClCompile>
  </ItemGroup>
  <ItemGroup>
    <ClInclude Include="Source\Application.h">
      <Filter>Source</Filter>
    </ClInclude>
    <ClInclude Include="Source\DriverManager.h">
      <Filter>Source</Filter>
    </ClInclude>
    <ClInclude Include="Source\Game.h">
      <Filter>Source</Filter>
    </ClInclude>
    <ClInclude Include="Source\GameResult.h">
      <Filter>Source</Filter>
    </ClInclude>
    <ClInclude Include="Source\GameConfig.h">
      <Filter>Source</Filter>
    </ClInclude>
    <ClInclude Include="Source\TextureManager.h">
      <Filter>Source</Filter>
    </ClInclude>
  </ItemGroup>
  <ItemGroup>
    <Image Include="Assets\pointer.png">
      <Filter>Assets</Filter>
    </Image>
  </ItemGroup>
  <ItemGroup>
    <None Include="Assets\BasicShader.cg">
      <Filter>Assets</Filter>
    </None>
  </ItemGroup>
</Project>