<?xml version="1.0" encoding="utf-8"?>
<Project ToolsVersion="4.0" xmlns="http://schemas.microsoft.com/developer/msbuild/2003">
  <ItemGroup>
    <Filter Include="Source">
      <UniqueIdentifier>{6c0ad1f4-deb4-4ffd-b880-0cc1ec28400a}</UniqueIdentifier>
    </Filter>
    <Filter Include="Assets">
      <UniqueIdentifier>{886c59b5-52a7-4a81-8ac4-31d7ec3f1d62}</UniqueIdentifier>
    </Filter>
    <Filter Include="Source\Level">
      <UniqueIdentifier>{728eedf0-7bc3-4976-b34e-a9956c6ba43d}</UniqueIdentifier>
    </Filter>
    <Filter Include="Source\Game">
      <UniqueIdentifier>{c15fc7e4-74e1-43d9-941b-382b55fe5e26}</UniqueIdentifier>
    </Filter>
    <Filter Include="Source\GUI">
      <UniqueIdentifier>{275b02b3-cd43-4783-aac5-675411edb4bf}</UniqueIdentifier>
    </Filter>
    <Filter Include="Assets\Fonts">
      <UniqueIdentifier>{609b2f26-56b1-411f-9c3e-e656c508ed63}</UniqueIdentifier>
    </Filter>
  </ItemGroup>
  <ItemGroup>
    <ClCompile Include="Source\Application.cpp">
      <Filter>Source</Filter>
    </ClCompile>
    <ClCompile Include="Source\Main.cpp">
      <Filter>Source</Filter>
    </ClCompile>
    <ClCompile Include="Source\TextureManager.cpp">
      <Filter>Source</Filter>
    </ClCompile>
    <ClCompile Include="Source\ShaderManager.cpp">
      <Filter>Source</Filter>
    </ClCompile>
    <ClCompile Include="Source\LevelFieldMesh.cpp">
      <Filter>Source\Level</Filter>
    </ClCompile>
    <ClCompile Include="Source\LevelMesh.cpp">
      <Filter>Source\Level</Filter>
    </ClCompile>
    <ClCompile Include="Source\Level.cpp">
      <Filter>Source\Level</Filter>
    </ClCompile>
    <ClCompile Include="Source\RectMesh.cpp">
      <Filter>Source</Filter>
    </ClCompile>
    <ClCompile Include="Source\BackgroundGrid.cpp">
      <Filter>Source</Filter>
    </ClCompile>
    <ClCompile Include="Source\Game.cpp">
      <Filter>Source\Game</Filter>
    </ClCompile>
    <ClCompile Include="Source\GameConfig.cpp">
      <Filter>Source\Game</Filter>
    </ClCompile>
    <ClCompile Include="Source\GameCursor.cpp">
      <Filter>Source\Game</Filter>
    </ClCompile>
    <ClCompile Include="Source\GameEnv.cpp">
      <Filter>Source\Game</Filter>
    </ClCompile>
    <ClCompile Include="Source\TextRenderer.cpp">
      <Filter>Source</Filter>
    </ClCompile>
    <ClCompile Include="Source\GUIMain.cpp">
      <Filter>Source\GUI</Filter>
    </ClCompile>
    <ClCompile Include="Source\GUIScreen.cpp">
      <Filter>Source\GUI</Filter>
    </ClCompile>
    <ClCompile Include="Source\GUIItem.cpp">
      <Filter>Source\GUI</Filter>
    </ClCompile>
    <ClCompile Include="Source\GUITextItem.cpp">
      <Filter>Source\GUI</Filter>
    </ClCompile>
    <ClCompile Include="Source\Linear.cpp">
      <Filter>Source</Filter>
    </ClCompile>
  </ItemGroup>
  <ItemGroup>
    <ClInclude Include="Source\Application.h">
      <Filter>Source</Filter>
    </ClInclude>
    <ClInclude Include="Source\TextureManager.h">
      <Filter>Source</Filter>
    </ClInclude>
    <ClInclude Include="Source\ShaderManager.h">
      <Filter>Source</Filter>
    </ClInclude>
    <ClInclude Include="Source\LevelMesh.h">
      <Filter>Source\Level</Filter>
    </ClInclude>
    <ClInclude Include="Source\LevelFieldMesh.h">
      <Filter>Source\Level</Filter>
    </ClInclude>
    <ClInclude Include="Source\DriverContainer.h">
      <Filter>Source</Filter>
    </ClInclude>
    <ClInclude Include="Source\Level.h">
      <Filter>Source\Level</Filter>
    </ClInclude>
    <ClInclude Include="Source\RectMesh.h">
      <Filter>Source</Filter>
    </ClInclude>
    <ClInclude Include="Source\BackgroundGrid.h">
      <Filter>Source</Filter>
    </ClInclude>
    <ClInclude Include="Source\Game.h">
      <Filter>Source\Game</Filter>
    </ClInclude>
    <ClInclude Include="Source\GameConfig.h">
      <Filter>Source\Game</Filter>
    </ClInclude>
    <ClInclude Include="Source\GameCursor.h">
      <Filter>Source\Game</Filter>
    </ClInclude>
    <ClInclude Include="Source\GameEnv.h">
      <Filter>Source\Game</Filter>
    </ClInclude>
    <ClInclude Include="Source\GameResult.h">
      <Filter>Source\Game</Filter>
    </ClInclude>
    <ClInclude Include="Source\TextRenderer.h">
      <Filter>Source</Filter>
    </ClInclude>
    <ClInclude Include="Source\GUIMain.h">
      <Filter>Source\GUI</Filter>
    </ClInclude>
    <ClInclude Include="Source\GUIScreen.h">
      <Filter>Source\GUI</Filter>
    </ClInclude>
    <ClInclude Include="Source\GUIItem.h">
      <Filter>Source\GUI</Filter>
    </ClInclude>
    <ClInclude Include="Source\GUITextItem.h">
      <Filter>Source\GUI</Filter>
    </ClInclude>
    <ClInclude Include="Source\Manage_ItemContainer.h">
      <Filter>Source</Filter>
    </ClInclude>
    <ClInclude Include="Source\Linear.h">
      <Filter>Source</Filter>
    </ClInclude>
  </ItemGroup>
  <ItemGroup>
    <Image Include="Assets\pointer.png">
      <Filter>Assets</Filter>
    </Image>
    <Image Include="Assets\Invalid.png">
      <Filter>Assets</Filter>
    </Image>
    <Image Include="Assets\circle.png">
      <Filter>Assets</Filter>
    </Image>
    <Image Include="Assets\cross.png">
      <Filter>Assets</Filter>
    </Image>
    <Image Include="Assets\frame.png">
      <Filter>Assets</Filter>
    </Image>
    <Image Include="Assets\BackGround.png">
      <Filter>Assets</Filter>
    </Image>
  </ItemGroup>
  <ItemGroup>
    <None Include="Assets\BasicShader.cg">
      <Filter>Assets</Filter>
    </None>
    <None Include="Assets\GridShader.cg">
      <Filter>Assets</Filter>
    </None>
    <None Include="Assets\CursorShader.cg">
      <Filter>Assets</Filter>
    </None>
    <None Include="Assets\BackGroundShader.cg">
      <Filter>Assets</Filter>
    </None>
    <None Include="Assets\GUIShader.cg">
      <Filter>Assets</Filter>
    </None>
    <None Include="Assets\TextShader.cg">
      <Filter>Assets</Filter>
    </None>
  </ItemGroup>
  <ItemGroup>
    <Font Include="Assets\Fonts\Exo2.0-Regular.otf">
      <Filter>Assets\Fonts</Filter>
    </Font>
  </ItemGroup>
</Project>